
Microsoft Visual Studio Solution File, Format Version 12.00
# Visual Studio Version 17
VisualStudioVersion = 17.11.35327.3
MinimumVisualStudioVersion = 10.0.40219.1
Project("{8BC9CEB8-8B4A-11D0-8D11-00A0C91BC942}") = "Client", "Client\Client.vcxproj", "{70088BFC-89F2-45FF-80DD-E8481290A3AE}"
	ProjectSection(ProjectDependencies) = postProject
		{516C8FA7-E20E-4964-B10C-3428FCC0165D} = {516C8FA7-E20E-4964-B10C-3428FCC0165D}
	EndProjectSection
EndProject
Project("{8BC9CEB8-8B4A-11D0-8D11-00A0C91BC942}") = "LoadBalancer", "LoadBalancer\LoadBalancer.vcxproj", "{520FE333-8CBA-4319-A932-AD24A1DFC73E}"
	ProjectSection(ProjectDependencies) = postProject
		{516C8FA7-E20E-4964-B10C-3428FCC0165D} = {516C8FA7-E20E-4964-B10C-3428FCC0165D}
	EndProjectSection
EndProject
Project("{8BC9CEB8-8B4A-11D0-8D11-00A0C91BC942}") = "Worker", "Worker\Worker.vcxproj", "{DEACD744-AF85-4218-AFC8-3E5E3918E6AB}"
	ProjectSection(ProjectDependencies) = postProject
		{516C8FA7-E20E-4964-B10C-3428FCC0165D} = {516C8FA7-E20E-4964-B10C-3428FCC0165D}
	EndProjectSection
EndProject
Project("{8BC9CEB8-8B4A-11D0-8D11-00A0C91BC942}") = "Lib", "Lib\Lib.vcxproj", "{516C8FA7-E20E-4964-B10C-3428FCC0165D}"
EndProject
Project("{2150E333-8FDC-42A3-9474-1A3956D46DE8}") = "Solution Items", "Solution Items", "{54BA14FB-2D5F-42C8-9B09-579EE095932E}"
	ProjectSection(SolutionItems) = preProject
		.editorconfig = .editorconfig
		Screenshots\1-before-start-heap.png = Screenshots\1-before-start-heap.png
		Screenshots\1-before-start-pm.png = Screenshots\1-before-start-pm.png
		Screenshots\2-after-start-allocations.png = Screenshots\2-after-start-allocations.png
		Screenshots\2-after-start-heap.png = Screenshots\2-after-start-heap.png
		Screenshots\2-after-start-pm.png = Screenshots\2-after-start-pm.png
		Screenshots\3-workers-connect-allocations.png = Screenshots\3-workers-connect-allocations.png
		Screenshots\3-workers-connect-heap.png = Screenshots\3-workers-connect-heap.png
		Screenshots\3-workers-connect-pm.png = Screenshots\3-workers-connect-pm.png
		Screenshots\4-during-stress-allocations.png = Screenshots\4-during-stress-allocations.png
		Screenshots\4-during-stress-heap.png = Screenshots\4-during-stress-heap.png
		Screenshots\4-during-stress-pm.png = Screenshots\4-during-stress-pm.png
		Screenshots\5-passive-allocations.png = Screenshots\5-passive-allocations.png
		Screenshots\5-passive-heap.png = Screenshots\5-passive-heap.png
		Screenshots\6-before-end-allocations.png = Screenshots\6-before-end-allocations.png
		Screenshots\6-before-end-heap.png = Screenshots\6-before-end-heap.png
		Screenshots\6-before-end-pm.png = Screenshots\6-before-end-pm.png
		DESIGN.png = DESIGN.png
		DOCUMENTATION.md = DOCUMENTATION.md
		IKP Projekat G24.pdf = IKP Projekat G24.pdf
		PROJECT.md = PROJECT.md
		PROTOCOL.md = PROTOCOL.md
		README.md = README.md
	EndProjectSection
EndProject
Global
	GlobalSection(SolutionConfigurationPlatforms) = preSolution
		Debug|x64 = Debug|x64
		Debug|x86 = Debug|x86
		Release|x64 = Release|x64
		Release|x86 = Release|x86
	EndGlobalSection
	GlobalSection(ProjectConfigurationPlatforms) = postSolution
		{70088BFC-89F2-45FF-80DD-E8481290A3AE}.Debug|x64.ActiveCfg = Debug|x64
		{70088BFC-89F2-45FF-80DD-E8481290A3AE}.Debug|x64.Build.0 = Debug|x64
		{70088BFC-89F2-45FF-80DD-E8481290A3AE}.Debug|x86.ActiveCfg = Debug|Win32
		{70088BFC-89F2-45FF-80DD-E8481290A3AE}.Debug|x86.Build.0 = Debug|Win32
		{70088BFC-89F2-45FF-80DD-E8481290A3AE}.Release|x64.ActiveCfg = Release|x64
		{70088BFC-89F2-45FF-80DD-E8481290A3AE}.Release|x64.Build.0 = Release|x64
		{70088BFC-89F2-45FF-80DD-E8481290A3AE}.Release|x86.ActiveCfg = Release|Win32
		{70088BFC-89F2-45FF-80DD-E8481290A3AE}.Release|x86.Build.0 = Release|Win32
		{520FE333-8CBA-4319-A932-AD24A1DFC73E}.Debug|x64.ActiveCfg = Debug|x64
		{520FE333-8CBA-4319-A932-AD24A1DFC73E}.Debug|x64.Build.0 = Debug|x64
		{520FE333-8CBA-4319-A932-AD24A1DFC73E}.Debug|x86.ActiveCfg = Debug|Win32
		{520FE333-8CBA-4319-A932-AD24A1DFC73E}.Debug|x86.Build.0 = Debug|Win32
		{520FE333-8CBA-4319-A932-AD24A1DFC73E}.Release|x64.ActiveCfg = Release|x64
		{520FE333-8CBA-4319-A932-AD24A1DFC73E}.Release|x64.Build.0 = Release|x64
		{520FE333-8CBA-4319-A932-AD24A1DFC73E}.Release|x86.ActiveCfg = Release|Win32
		{520FE333-8CBA-4319-A932-AD24A1DFC73E}.Release|x86.Build.0 = Release|Win32
		{DEACD744-AF85-4218-AFC8-3E5E3918E6AB}.Debug|x64.ActiveCfg = Debug|x64
		{DEACD744-AF85-4218-AFC8-3E5E3918E6AB}.Debug|x64.Build.0 = Debug|x64
		{DEACD744-AF85-4218-AFC8-3E5E3918E6AB}.Debug|x86.ActiveCfg = Debug|Win32
		{DEACD744-AF85-4218-AFC8-3E5E3918E6AB}.Debug|x86.Build.0 = Debug|Win32
		{DEACD744-AF85-4218-AFC8-3E5E3918E6AB}.Release|x64.ActiveCfg = Release|x64
		{DEACD744-AF85-4218-AFC8-3E5E3918E6AB}.Release|x64.Build.0 = Release|x64
		{DEACD744-AF85-4218-AFC8-3E5E3918E6AB}.Release|x86.ActiveCfg = Release|Win32
		{DEACD744-AF85-4218-AFC8-3E5E3918E6AB}.Release|x86.Build.0 = Release|Win32
		{516C8FA7-E20E-4964-B10C-3428FCC0165D}.Debug|x64.ActiveCfg = Debug|x64
		{516C8FA7-E20E-4964-B10C-3428FCC0165D}.Debug|x64.Build.0 = Debug|x64
		{516C8FA7-E20E-4964-B10C-3428FCC0165D}.Debug|x86.ActiveCfg = Debug|Win32
		{516C8FA7-E20E-4964-B10C-3428FCC0165D}.Debug|x86.Build.0 = Debug|Win32
		{516C8FA7-E20E-4964-B10C-3428FCC0165D}.Release|x64.ActiveCfg = Release|x64
		{516C8FA7-E20E-4964-B10C-3428FCC0165D}.Release|x64.Build.0 = Release|x64
		{516C8FA7-E20E-4964-B10C-3428FCC0165D}.Release|x86.ActiveCfg = Release|Win32
		{516C8FA7-E20E-4964-B10C-3428FCC0165D}.Release|x86.Build.0 = Release|Win32
	EndGlobalSection
	GlobalSection(SolutionProperties) = preSolution
		HideSolutionNode = FALSE
	EndGlobalSection
	GlobalSection(ExtensibilityGlobals) = postSolution
		SolutionGuid = {C6851120-94AA-44D2-9E12-00228098E806}
	EndGlobalSection
EndGlobal
