<?xml version="1.0" encoding="utf-8"?>
<Project ToolsVersion="4.0" xmlns="http://schemas.microsoft.com/developer/msbuild/2003">
  <ItemGroup>
    <Filter Include="Source Files">
      <UniqueIdentifier>{4FC737F1-C7A5-4376-A066-2A32D752A2FF}</UniqueIdentifier>
      <Extensions>cpp;c;cc;cxx;c++;cppm;ixx;def;odl;idl;hpj;bat;asm;asmx</Extensions>
    </Filter>
    <Filter Include="Header Files">
      <UniqueIdentifier>{93995380-89BD-4b04-88EB-625FBE52EBFB}</UniqueIdentifier>
      <Extensions>h;hh;hpp;hxx;h++;hm;inl;inc;ipp;xsd</Extensions>
    </Filter>
    <Filter Include="Resource Files">
      <UniqueIdentifier>{67DA6AB6-F800-4c08-8B7A-83BB121AAD01}</UniqueIdentifier>
      <Extensions>rc;ico;cur;bmp;dlg;rc2;rct;bin;rgs;gif;jpg;jpeg;jpe;resx;tiff;tif;png;wav;mfcribbon-ms</Extensions>
    </Filter>
  </ItemGroup>
  <ItemGroup>
    <ClCompile Include="LoadBalancer.cpp">
      <Filter>Source Files</Filter>
    </ClCompile>
    <ClCompile Include="_ClientHandlerThread.cpp">
      <Filter>Source Files</Filter>
    </ClCompile>
    <ClCompile Include="InputHandlerThread.cpp">
      <Filter>Source Files</Filter>
    </ClCompile>
    <ClCompile Include="Context.cpp">
      <Filter>Source Files</Filter>
    </ClCompile>
    <ClCompile Include="_WorkerHandlerThread.cpp">
      <Filter>Source Files</Filter>
    </ClCompile>
    <ClCompile Include="ClientThreadPool.cpp">
      <Filter>Source Files</Filter>
    </ClCompile>
    <ClCompile Include="ClientListenerThread.cpp">
      <Filter>Source Files</Filter>
    </ClCompile>
    <ClCompile Include="WorkerListenerThread.cpp">
      <Filter>Source Files</Filter>
    </ClCompile>
    <ClCompile Include="ClientDataReceiverThread.cpp">
      <Filter>Source Files</Filter>
    </ClCompile>
    <ClCompile Include="ClientRequestQueue.cpp">
      <Filter>Source Files</Filter>
    </ClCompile>
    <ClCompile Include="WorkerList.cpp">
      <Filter>Source Files</Filter>
    </ClCompile>
    <ClCompile Include="WorkerClientRequestDispatcherThread.cpp">
      <Filter>Source Files</Filter>
    </ClCompile>
  </ItemGroup>
  <ItemGroup>
    <ClInclude Include="LoadBalancer.h">
      <Filter>Header Files</Filter>
    </ClInclude>
    <ClInclude Include="_ClientHandlerThread.h">
      <Filter>Header Files</Filter>
    </ClInclude>
    <ClInclude Include="InputHandlerThread.h">
      <Filter>Header Files</Filter>
    </ClInclude>
    <ClInclude Include="Context.h">
      <Filter>Header Files</Filter>
    </ClInclude>
    <ClInclude Include="Config.h">
      <Filter>Header Files</Filter>
    </ClInclude>
    <ClInclude Include="SharedLibs.h">
      <Filter>Header Files</Filter>
    </ClInclude>
    <ClInclude Include="_WorkerHandlerThread.h">
      <Filter>Header Files</Filter>
    </ClInclude>
    <ClInclude Include="ClientListenerThread.h">
      <Filter>Header Files</Filter>
    </ClInclude>
    <ClInclude Include="WorkerListenerThread.h">
      <Filter>Header Files</Filter>
    </ClInclude>
    <ClInclude Include="ClientThreadPool.h">
      <Filter>Header Files</Filter>
    </ClInclude>
    <ClInclude Include="ClientDataReceiverThread.h">
      <Filter>Header Files</Filter>
    </ClInclude>
    <ClInclude Include="ClientRequestQueue.h">
      <Filter>Header Files</Filter>
    </ClInclude>
    <ClInclude Include="WorkerList.h">
      <Filter>Header Files</Filter>
    </ClInclude>
    <ClInclude Include="WorkerClientRequestDispatcherThread.h">
      <Filter>Header Files</Filter>
    </ClInclude>
  </ItemGroup>
</Project>